
Microsoft Visual Studio Solution File, Format Version 12.00
# Visual Studio Version 16
VisualStudioVersion = 16.0.31424.327
MinimumVisualStudioVersion = 10.0.40219.1
Project("{FAE04EC0-301F-11D3-BF4B-00C04F79EFBC}") = "ObjectOrientedProgram", "ObjectOrientedProgram.csproj", "{9D6DE100-5999-47B2-8001-D01CE1EF17A3}"
EndProject
Global
	GlobalSection(SolutionConfigurationPlatforms) = preSolution
		Debug|Any CPU = Debug|Any CPU
		Release|Any CPU = Release|Any CPU
	EndGlobalSection
	GlobalSection(ProjectConfigurationPlatforms) = postSolution
		{9D6DE100-5999-47B2-8001-D01CE1EF17A3}.Debug|Any CPU.ActiveCfg = Debug|Any CPU
		{9D6DE100-5999-47B2-8001-D01CE1EF17A3}.Debug|Any CPU.Build.0 = Debug|Any CPU
		{9D6DE100-5999-47B2-8001-D01CE1EF17A3}.Release|Any CPU.ActiveCfg = Release|Any CPU
		{9D6DE100-5999-47B2-8001-D01CE1EF17A3}.Release|Any CPU.Build.0 = Release|Any CPU
	EndGlobalSection
	GlobalSection(SolutionProperties) = preSolution
		HideSolutionNode = FALSE
	EndGlobalSection
	GlobalSection(ExtensibilityGlobals) = postSolution
		SolutionGuid = {47E46F3F-D2CC-4FE0-A863-FA4399BACAB1}
	EndGlobalSection
EndGlobal
